
Microsoft Visual Studio Solution File, Format Version 12.00
Project("{FAE04EC0-301F-11D3-BF4B-00C04F79EFBC}") = "YAFF.Api", "YAFF.Api\YAFF.Api.csproj", "{CAC3096B-9C49-488D-A66A-BCEA5ED37858}"
EndProject
Project("{FAE04EC0-301F-11D3-BF4B-00C04F79EFBC}") = "YAFF.Core", "YAFF.Core\YAFF.Core.csproj", "{31798A7D-4310-463D-9FE8-7999B899ED20}"
EndProject
Project("{FAE04EC0-301F-11D3-BF4B-00C04F79EFBC}") = "YAFF.Data", "YAFF.Data\YAFF.Data.csproj", "{2E0ACB06-BD8E-49E6-95B5-E3139DBBCA9C}"
EndProject
Project("{FAE04EC0-301F-11D3-BF4B-00C04F79EFBC}") = "YAFF.Business", "YAFF.Business\YAFF.Business.csproj", "{D246F72A-9E0B-4FFD-A8C2-1CA3EE10E938}"
EndProject
Project("{2150E333-8FDC-42A3-9474-1A3956D46DE8}") = "src", "src", "{D0C2E4E2-9797-44C1-9866-03D1A6197C63}"
EndProject
Global
	GlobalSection(SolutionConfigurationPlatforms) = preSolution
		Debug|Any CPU = Debug|Any CPU
		Release|Any CPU = Release|Any CPU
	EndGlobalSection
	GlobalSection(ProjectConfigurationPlatforms) = postSolution
		{CAC3096B-9C49-488D-A66A-BCEA5ED37858}.Debug|Any CPU.ActiveCfg = Debug|Any CPU
		{CAC3096B-9C49-488D-A66A-BCEA5ED37858}.Debug|Any CPU.Build.0 = Debug|Any CPU
		{CAC3096B-9C49-488D-A66A-BCEA5ED37858}.Release|Any CPU.ActiveCfg = Release|Any CPU
		{CAC3096B-9C49-488D-A66A-BCEA5ED37858}.Release|Any CPU.Build.0 = Release|Any CPU
		{31798A7D-4310-463D-9FE8-7999B899ED20}.Debug|Any CPU.ActiveCfg = Debug|Any CPU
		{31798A7D-4310-463D-9FE8-7999B899ED20}.Debug|Any CPU.Build.0 = Debug|Any CPU
		{31798A7D-4310-463D-9FE8-7999B899ED20}.Release|Any CPU.ActiveCfg = Release|Any CPU
		{31798A7D-4310-463D-9FE8-7999B899ED20}.Release|Any CPU.Build.0 = Release|Any CPU
		{2E0ACB06-BD8E-49E6-95B5-E3139DBBCA9C}.Debug|Any CPU.ActiveCfg = Debug|Any CPU
		{2E0ACB06-BD8E-49E6-95B5-E3139DBBCA9C}.Debug|Any CPU.Build.0 = Debug|Any CPU
		{2E0ACB06-BD8E-49E6-95B5-E3139DBBCA9C}.Release|Any CPU.ActiveCfg = Release|Any CPU
		{2E0ACB06-BD8E-49E6-95B5-E3139DBBCA9C}.Release|Any CPU.Build.0 = Release|Any CPU
		{D246F72A-9E0B-4FFD-A8C2-1CA3EE10E938}.Debug|Any CPU.ActiveCfg = Debug|Any CPU
		{D246F72A-9E0B-4FFD-A8C2-1CA3EE10E938}.Debug|Any CPU.Build.0 = Debug|Any CPU
		{D246F72A-9E0B-4FFD-A8C2-1CA3EE10E938}.Release|Any CPU.ActiveCfg = Release|Any CPU
		{D246F72A-9E0B-4FFD-A8C2-1CA3EE10E938}.Release|Any CPU.Build.0 = Release|Any CPU
	EndGlobalSection
	GlobalSection(NestedProjects) = preSolution
		{CAC3096B-9C49-488D-A66A-BCEA5ED37858} = {D0C2E4E2-9797-44C1-9866-03D1A6197C63}
		{D246F72A-9E0B-4FFD-A8C2-1CA3EE10E938} = {D0C2E4E2-9797-44C1-9866-03D1A6197C63}
		{31798A7D-4310-463D-9FE8-7999B899ED20} = {D0C2E4E2-9797-44C1-9866-03D1A6197C63}
		{2E0ACB06-BD8E-49E6-95B5-E3139DBBCA9C} = {D0C2E4E2-9797-44C1-9866-03D1A6197C63}
	EndGlobalSection
EndGlobal
